
Microsoft Visual Studio Solution File, Format Version 12.00
# Visual Studio Version 16
VisualStudioVersion = 16.0.29324.140
MinimumVisualStudioVersion = 10.0.40219.1
Project("{FAE04EC0-301F-11D3-BF4B-00C04F79EFBC}") = "Strategy", "Strategy\Strategy.csproj", "{463668F4-4EF3-47C0-B021-78FFDEC00536}"
EndProject
Global
	GlobalSection(SolutionConfigurationPlatforms) = preSolution
		Debug|Any CPU = Debug|Any CPU
		Release|Any CPU = Release|Any CPU
	EndGlobalSection
	GlobalSection(ProjectConfigurationPlatforms) = postSolution
		{463668F4-4EF3-47C0-B021-78FFDEC00536}.Debug|Any CPU.ActiveCfg = Debug|Any CPU
		{463668F4-4EF3-47C0-B021-78FFDEC00536}.Debug|Any CPU.Build.0 = Debug|Any CPU
		{463668F4-4EF3-47C0-B021-78FFDEC00536}.Release|Any CPU.ActiveCfg = Release|Any CPU
		{463668F4-4EF3-47C0-B021-78FFDEC00536}.Release|Any CPU.Build.0 = Release|Any CPU
	EndGlobalSection
	GlobalSection(SolutionProperties) = preSolution
		HideSolutionNode = FALSE
	EndGlobalSection
	GlobalSection(ExtensibilityGlobals) = postSolution
		SolutionGuid = {4D75AE67-55FB-4EC0-8C39-669213EAE9D6}
	EndGlobalSection
EndGlobal
